
Microsoft Visual Studio Solution File, Format Version 12.00
# Visual Studio Version 17
VisualStudioVersion = 17.0.31903.59
MinimumVisualStudioVersion = 10.0.40219.1
Project("{2150E333-8FDC-42A3-9474-1A3956D46DE8}") = "src", "src", "{827E0CD3-B72D-47B6-A68D-7590B98EB39B}"
EndProject
Project("{FAE04EC0-301F-11D3-BF4B-00C04F79EFBC}") = "Ambev.DeveloperEvaluation.Domain", "src\Ambev.DeveloperEvaluation.Domain\Ambev.DeveloperEvaluation.Domain.csproj", "{43E235C6-CC61-4E45-B29F-8CEBA8C3B969}"
EndProject
Project("{FAE04EC0-301F-11D3-BF4B-00C04F79EFBC}") = "Ambev.DeveloperEvaluation.Application", "src\Ambev.DeveloperEvaluation.Application\Ambev.DeveloperEvaluation.Application.csproj", "{01AB7947-9A62-48B8-BD9A-CE1633E72964}"
EndProject
Project("{FAE04EC0-301F-11D3-BF4B-00C04F79EFBC}") = "Ambev.DeveloperEvaluation.ORM", "src\Ambev.DeveloperEvaluation.ORM\Ambev.DeveloperEvaluation.ORM.csproj", "{471E8640-7924-4D25-978C-1022A6BC3D4E}"
EndProject
Project("{FAE04EC0-301F-11D3-BF4B-00C04F79EFBC}") = "Ambev.DeveloperEvaluation.WebApi", "src\Ambev.DeveloperEvaluation.WebApi\Ambev.DeveloperEvaluation.WebApi.csproj", "{2D1F3F4F-CAEE-44DC-8925-FB5C8E9EBC25}"
EndProject
Global
	GlobalSection(SolutionConfigurationPlatforms) = preSolution
		Debug|Any CPU = Debug|Any CPU
		Debug|x64 = Debug|x64
		Debug|x86 = Debug|x86
		Release|Any CPU = Release|Any CPU
		Release|x64 = Release|x64
		Release|x86 = Release|x86
	EndGlobalSection
	GlobalSection(ProjectConfigurationPlatforms) = postSolution
		{43E235C6-CC61-4E45-B29F-8CEBA8C3B969}.Debug|Any CPU.ActiveCfg = Debug|Any CPU
		{43E235C6-CC61-4E45-B29F-8CEBA8C3B969}.Debug|Any CPU.Build.0 = Debug|Any CPU
		{43E235C6-CC61-4E45-B29F-8CEBA8C3B969}.Debug|x64.ActiveCfg = Debug|Any CPU
		{43E235C6-CC61-4E45-B29F-8CEBA8C3B969}.Debug|x64.Build.0 = Debug|Any CPU
		{43E235C6-CC61-4E45-B29F-8CEBA8C3B969}.Debug|x86.ActiveCfg = Debug|Any CPU
		{43E235C6-CC61-4E45-B29F-8CEBA8C3B969}.Debug|x86.Build.0 = Debug|Any CPU
		{43E235C6-CC61-4E45-B29F-8CEBA8C3B969}.Release|Any CPU.ActiveCfg = Release|Any CPU
		{43E235C6-CC61-4E45-B29F-8CEBA8C3B969}.Release|Any CPU.Build.0 = Release|Any CPU
		{43E235C6-CC61-4E45-B29F-8CEBA8C3B969}.Release|x64.ActiveCfg = Release|Any CPU
		{43E235C6-CC61-4E45-B29F-8CEBA8C3B969}.Release|x64.Build.0 = Release|Any CPU
		{43E235C6-CC61-4E45-B29F-8CEBA8C3B969}.Release|x86.ActiveCfg = Release|Any CPU
		{43E235C6-CC61-4E45-B29F-8CEBA8C3B969}.Release|x86.Build.0 = Release|Any CPU
		{01AB7947-9A62-48B8-BD9A-CE1633E72964}.Debug|Any CPU.ActiveCfg = Debug|Any CPU
		{01AB7947-9A62-48B8-BD9A-CE1633E72964}.Debug|Any CPU.Build.0 = Debug|Any CPU
		{01AB7947-9A62-48B8-BD9A-CE1633E72964}.Debug|x64.ActiveCfg = Debug|Any CPU
		{01AB7947-9A62-48B8-BD9A-CE1633E72964}.Debug|x64.Build.0 = Debug|Any CPU
		{01AB7947-9A62-48B8-BD9A-CE1633E72964}.Debug|x86.ActiveCfg = Debug|Any CPU
		{01AB7947-9A62-48B8-BD9A-CE1633E72964}.Debug|x86.Build.0 = Debug|Any CPU
		{01AB7947-9A62-48B8-BD9A-CE1633E72964}.Release|Any CPU.ActiveCfg = Release|Any CPU
		{01AB7947-9A62-48B8-BD9A-CE1633E72964}.Release|Any CPU.Build.0 = Release|Any CPU
		{01AB7947-9A62-48B8-BD9A-CE1633E72964}.Release|x64.ActiveCfg = Release|Any CPU
		{01AB7947-9A62-48B8-BD9A-CE1633E72964}.Release|x64.Build.0 = Release|Any CPU
		{01AB7947-9A62-48B8-BD9A-CE1633E72964}.Release|x86.ActiveCfg = Release|Any CPU
		{01AB7947-9A62-48B8-BD9A-CE1633E72964}.Release|x86.Build.0 = Release|Any CPU
		{471E8640-7924-4D25-978C-1022A6BC3D4E}.Debug|Any CPU.ActiveCfg = Debug|Any CPU
		{471E8640-7924-4D25-978C-1022A6BC3D4E}.Debug|Any CPU.Build.0 = Debug|Any CPU
		{471E8640-7924-4D25-978C-1022A6BC3D4E}.Debug|x64.ActiveCfg = Debug|Any CPU
		{471E8640-7924-4D25-978C-1022A6BC3D4E}.Debug|x64.Build.0 = Debug|Any CPU
		{471E8640-7924-4D25-978C-1022A6BC3D4E}.Debug|x86.ActiveCfg = Debug|Any CPU
		{471E8640-7924-4D25-978C-1022A6BC3D4E}.Debug|x86.Build.0 = Debug|Any CPU
		{471E8640-7924-4D25-978C-1022A6BC3D4E}.Release|Any CPU.ActiveCfg = Release|Any CPU
		{471E8640-7924-4D25-978C-1022A6BC3D4E}.Release|Any CPU.Build.0 = Release|Any CPU
		{471E8640-7924-4D25-978C-1022A6BC3D4E}.Release|x64.ActiveCfg = Release|Any CPU
		{471E8640-7924-4D25-978C-1022A6BC3D4E}.Release|x64.Build.0 = Release|Any CPU
		{471E8640-7924-4D25-978C-1022A6BC3D4E}.Release|x86.ActiveCfg = Release|Any CPU
		{471E8640-7924-4D25-978C-1022A6BC3D4E}.Release|x86.Build.0 = Release|Any CPU
		{2D1F3F4F-CAEE-44DC-8925-FB5C8E9EBC25}.Debug|Any CPU.ActiveCfg = Debug|Any CPU
		{2D1F3F4F-CAEE-44DC-8925-FB5C8E9EBC25}.Debug|Any CPU.Build.0 = Debug|Any CPU
		{2D1F3F4F-CAEE-44DC-8925-FB5C8E9EBC25}.Debug|x64.ActiveCfg = Debug|Any CPU
		{2D1F3F4F-CAEE-44DC-8925-FB5C8E9EBC25}.Debug|x64.Build.0 = Debug|Any CPU
		{2D1F3F4F-CAEE-44DC-8925-FB5C8E9EBC25}.Debug|x86.ActiveCfg = Debug|Any CPU
		{2D1F3F4F-CAEE-44DC-8925-FB5C8E9EBC25}.Debug|x86.Build.0 = Debug|Any CPU
		{2D1F3F4F-CAEE-44DC-8925-FB5C8E9EBC25}.Release|Any CPU.ActiveCfg = Release|Any CPU
		{2D1F3F4F-CAEE-44DC-8925-FB5C8E9EBC25}.Release|Any CPU.Build.0 = Release|Any CPU
		{2D1F3F4F-CAEE-44DC-8925-FB5C8E9EBC25}.Release|x64.ActiveCfg = Release|Any CPU
		{2D1F3F4F-CAEE-44DC-8925-FB5C8E9EBC25}.Release|x64.Build.0 = Release|Any CPU
		{2D1F3F4F-CAEE-44DC-8925-FB5C8E9EBC25}.Release|x86.ActiveCfg = Release|Any CPU
		{2D1F3F4F-CAEE-44DC-8925-FB5C8E9EBC25}.Release|x86.Build.0 = Release|Any CPU
	EndGlobalSection
	GlobalSection(SolutionProperties) = preSolution
		HideSolutionNode = FALSE
	EndGlobalSection
	GlobalSection(NestedProjects) = preSolution
		{43E235C6-CC61-4E45-B29F-8CEBA8C3B969} = {827E0CD3-B72D-47B6-A68D-7590B98EB39B}
		{01AB7947-9A62-48B8-BD9A-CE1633E72964} = {827E0CD3-B72D-47B6-A68D-7590B98EB39B}
		{471E8640-7924-4D25-978C-1022A6BC3D4E} = {827E0CD3-B72D-47B6-A68D-7590B98EB39B}
		{2D1F3F4F-CAEE-44DC-8925-FB5C8E9EBC25} = {827E0CD3-B72D-47B6-A68D-7590B98EB39B}
	EndGlobalSection
EndGlobal
